{
  "originHash" : "143a91ed76b6ef713ea90dfffdb1b8a52b26248f15d1707cb9ce3d009b0e5c3a",
  "pins" : [
    {
      "identity" : "stripe-core",
      "kind" : "remoteSourceControl",
      "location" : "https://github.com/CodeLikeW/stripe-core",
      "state" : {
        "revision" : "ef6d95d4a74796bb739df49dc41d24f1d58a6d2a",
        "version" : "25.7.2"
      }
    }
  ],
  "version" : 3
}
