{
  "pins" : [
    {
      "identity" : "stripe-core",
      "kind" : "remoteSourceControl",
      "location" : "https://github.com/CodeLikeW/stripe-core",
      "state" : {
        "revision" : "83809c8e0187e48c88a3f4f4ac0ffdc5bc704bfd",
        "version" : "24.23.0"
      }
    }
  ],
  "version" : 2
}
